// !$*UTF8*$!
{
	archiveVersion = 1;
	classes = {
	};
	objectVersion = 50;
	objects = {

/* Begin PBXBuildFile section */
		EE47BD6325D868F900FD7EC7 /* AppDelegate.swift in Sources */ = {isa = PBXBuildFile; fileRef = EE47BD6225D868F900FD7EC7 /* AppDelegate.swift */; };
		EE47BD6525D868F900FD7EC7 /* SceneDelegate.swift in Sources */ = {isa = PBXBuildFile; fileRef = EE47BD6425D868F900FD7EC7 /* SceneDelegate.swift */; };
		EE47BD6725D868F900FD7EC7 /* ViewController.swift in Sources */ = {isa = PBXBuildFile; fileRef = EE47BD6625D868F900FD7EC7 /* ViewController.swift */; };
		EE47BD6A25D868FA00FD7EC7 /* Main.storyboard in Resources */ = {isa = PBXBuildFile; fileRef = EE47BD6825D868FA00FD7EC7 /* Main.storyboard */; };
		EE47BD6C25D8690100FD7EC7 /* Assets.xcassets in Resources */ = {isa = PBXBuildFile; fileRef = EE47BD6B25D8690100FD7EC7 /* Assets.xcassets */; };
		EE47BD6F25D8690100FD7EC7 /* LaunchScreen.storyboard in Resources */ = {isa = PBXBuildFile; fileRef = EE47BD6D25D8690100FD7EC7 /* LaunchScreen.storyboard */; };
		EEE366FC25FD41E500905BE2 /* CreationViewController.swift in Sources */ = {isa = PBXBuildFile; fileRef = EEE366FB25FD41E500905BE2 /* CreationViewController.swift */; };
/* End PBXBuildFile section */

/* Begin PBXFileReference section */
		EE47BD5F25D868F900FD7EC7 /* CardiFlash.app */ = {isa = PBXFileReference; explicitFileType = wrapper.application; includeInIndex = 0; path = CardiFlash.app; sourceTree = BUILT_PRODUCTS_DIR; };
		EE47BD6225D868F900FD7EC7 /* AppDelegate.swift */ = {isa = PBXFileReference; lastKnownFileType = sourcecode.swift; path = AppDelegate.swift; sourceTree = "<group>"; };
		EE47BD6425D868F900FD7EC7 /* SceneDelegate.swift */ = {isa = PBXFileReference; lastKnownFileType = sourcecode.swift; path = SceneDelegate.swift; sourceTree = "<group>"; };
		EE47BD6625D868F900FD7EC7 /* ViewController.swift */ = {isa = PBXFileReference; lastKnownFileType = sourcecode.swift; path = ViewController.swift; sourceTree = "<group>"; };
		EE47BD6925D868FA00FD7EC7 /* Base */ = {isa = PBXFileReference; lastKnownFileType = file.storyboard; name = Base; path = Base.lproj/Main.storyboard; sourceTree = "<group>"; };
		EE47BD6B25D8690100FD7EC7 /* Assets.xcassets */ = {isa = PBXFileReference; lastKnownFileType = folder.assetcatalog; path = Assets.xcassets; sourceTree = "<group>"; };
		EE47BD6E25D8690100FD7EC7 /* Base */ = {isa = PBXFileReference; lastKnownFileType = file.storyboard; name = Base; path = Base.lproj/LaunchScreen.storyboard; sourceTree = "<group>"; };
		EE47BD7025D8690100FD7EC7 /* Info.plist */ = {isa = PBXFileReference; lastKnownFileType = text.plist.xml; path = Info.plist; sourceTree = "<group>"; };
		EEE366FB25FD41E500905BE2 /* CreationViewController.swift */ = {isa = PBXFileReference; lastKnownFileType = sourcecode.swift; path = CreationViewController.swift; sourceTree = "<group>"; };
/* End PBXFileReference section */

/* Begin PBXFrameworksBuildPhase section */
		EE47BD5C25D868F900FD7EC7 /* Frameworks */ = {
			isa = PBXFrameworksBuildPhase;
			buildActionMask = 2147483647;
			files = (
			);
			runOnlyForDeploymentPostprocessing = 0;
		};
/* End PBXFrameworksBuildPhase section */

/* Begin PBXGroup section */
		EE47BD5625D868F900FD7EC7 = {
			isa = PBXGroup;
			children = (
				EE47BD6125D868F900FD7EC7 /* CardiFlash */,
				EE47BD6025D868F900FD7EC7 /* Products */,
			);
			sourceTree = "<group>";
		};
		EE47BD6025D868F900FD7EC7 /* Products */ = {
			isa = PBXGroup;
			children = (
				EE47BD5F25D868F900FD7EC7 /* CardiFlash.app */,
			);
			name = Products;
			sourceTree = "<group>";
		};
		EE47BD6125D868F900FD7EC7 /* CardiFlash */ = {
			isa = PBXGroup;
			children = (
				EE47BD6225D868F900FD7EC7 /* AppDelegate.swift */,
				EE47BD6425D868F900FD7EC7 /* SceneDelegate.swift */,
				EE47BD6625D868F900FD7EC7 /* ViewController.swift */,
				EE47BD6825D868FA00FD7EC7 /* Main.storyboard */,
				EEE366FB25FD41E500905BE2 /* CreationViewController.swift */,
				EE47BD6B25D8690100FD7EC7 /* Assets.xcassets */,
				EE47BD6D25D8690100FD7EC7 /* LaunchScreen.storyboard */,
				EE47BD7025D8690100FD7EC7 /* Info.plist */,
			);
			path = CardiFlash;
			sourceTree = "<group>";
		};
/* End PBXGroup section */

/* Begin PBXNativeTarget section */
		EE47BD5E25D868F900FD7EC7 /* CardiFlash */ = {
			isa = PBXNativeTarget;
			buildConfigurationList = EE47BD7325D8690100FD7EC7 /* Build configuration list for PBXNativeTarget "CardiFlash" */;
			buildPhases = (
				EE47BD5B25D868F900FD7EC7 /* Sources */,
				EE47BD5C25D868F900FD7EC7 /* Frameworks */,
				EE47BD5D25D868F900FD7EC7 /* Resources */,
			);
			buildRules = (
			);
			dependencies = (
			);
			name = CardiFlash;
			productName = CardiFlash;
			productReference = EE47BD5F25D868F900FD7EC7 /* CardiFlash.app */;
			productType = "com.apple.product-type.application";
		};
/* End PBXNativeTarget section */

/* Begin PBXProject section */
		EE47BD5725D868F900FD7EC7 /* Project object */ = {
			isa = PBXProject;
			attributes = {
				LastSwiftUpdateCheck = 1230;
				LastUpgradeCheck = 1230;
				TargetAttributes = {
					EE47BD5E25D868F900FD7EC7 = {
						CreatedOnToolsVersion = 12.3;
					};
				};
			};
			buildConfigurationList = EE47BD5A25D868F900FD7EC7 /* Build configuration list for PBXProject "CardiFlash" */;
			compatibilityVersion = "Xcode 9.3";
			developmentRegion = en;
			hasScannedForEncodings = 0;
			knownRegions = (
				en,
				Base,
			);
			mainGroup = EE47BD5625D868F900FD7EC7;
			productRefGroup = EE47BD6025D868F900FD7EC7 /* Products */;
			projectDirPath = "";
			projectRoot = "";
			targets = (
				EE47BD5E25D868F900FD7EC7 /* CardiFlash */,
			);
		};
/* End PBXProject section */

/* Begin PBXResourcesBuildPhase section */
		EE47BD5D25D868F900FD7EC7 /* Resources */ = {
			isa = PBXResourcesBuildPhase;
			buildActionMask = 2147483647;
			files = (
				EE47BD6F25D8690100FD7EC7 /* LaunchScreen.storyboard in Resources */,
				EE47BD6C25D8690100FD7EC7 /* Assets.xcassets in Resources */,
				EE47BD6A25D868FA00FD7EC7 /* Main.storyboard in Resources */,
			);
			runOnlyForDeploymentPostprocessing = 0;
		};
/* End PBXResourcesBuildPhase section */

/* Begin PBXSourcesBuildPhase section */
		EE47BD5B25D868F900FD7EC7 /* Sources */ = {
			isa = PBXSourcesBuildPhase;
			buildActionMask = 2147483647;
			files = (
				EE47BD6725D868F900FD7EC7 /* ViewController.swift in Sources */,
				EE47BD6325D868F900FD7EC7 /* AppDelegate.swift in Sources */,
				EE47BD6525D868F900FD7EC7 /* SceneDelegate.swift in Sources */,
				EEE366FC25FD41E500905BE2 /* CreationViewController.swift in Sources */,
			);
			runOnlyForDeploymentPostprocessing = 0;
		};
/* End PBXSourcesBuildPhase section */

/* Begin PBXVariantGroup section */
		EE47BD6825D868FA00FD7EC7 /* Main.storyboard */ = {
			isa = PBXVariantGroup;
			children = (
				EE47BD6925D868FA00FD7EC7 /* Base */,
			);
			name = Main.storyboard;
			sourceTree = "<group>";
		};
		EE47BD6D25D8690100FD7EC7 /* LaunchScreen.storyboard */ = {
			isa = PBXVariantGroup;
			children = (
				EE47BD6E25D8690100FD7EC7 /* Base */,
			);
			name = LaunchScreen.storyboard;
			sourceTree = "<group>";
		};
/* End PBXVariantGroup section */

/* Begin XCBuildConfiguration section */
		EE47BD7125D8690100FD7EC7 /* Debug */ = {
			isa = XCBuildConfiguration;
			buildSettings = {
				ALWAYS_SEARCH_USER_PATHS = NO;
				CLANG_ANALYZER_NONNULL = YES;
				CLANG_ANALYZER_NUMBER_OBJECT_CONVERSION = YES_AGGRESSIVE;
				CLANG_CXX_LANGUAGE_STANDARD = "gnu++14";
				CLANG_CXX_LIBRARY = "libc++";
				CLANG_ENABLE_MODULES = YES;
				CLANG_ENABLE_OBJC_ARC = YES;
				CLANG_ENABLE_OBJC_WEAK = YES;
				CLANG_WARN_BLOCK_CAPTURE_AUTORELEASING = YES;
				CLANG_WARN_BOOL_CONVERSION = YES;
				CLANG_WARN_COMMA = YES;
				CLANG_WARN_CONSTANT_CONVERSION = YES;
				CLANG_WARN_DEPRECATED_OBJC_IMPLEMENTATIONS = YES;
				CLANG_WARN_DIRECT_OBJC_ISA_USAGE = YES_ERROR;
				CLANG_WARN_DOCUMENTATION_COMMENTS = YES;
				CLANG_WARN_EMPTY_BODY = YES;
				CLANG_WARN_ENUM_CONVERSION = YES;
				CLANG_WARN_INFINITE_RECURSION = YES;
				CLANG_WARN_INT_CONVERSION = YES;
				CLANG_WARN_NON_LITERAL_NULL_CONVERSION = YES;
				CLANG_WARN_OBJC_IMPLICIT_RETAIN_SELF = YES;
				CLANG_WARN_OBJC_LITERAL_CONVERSION = YES;
				CLANG_WARN_OBJC_ROOT_CLASS = YES_ERROR;
				CLANG_WARN_QUOTED_INCLUDE_IN_FRAMEWORK_HEADER = YES;
				CLANG_WARN_RANGE_LOOP_ANALYSIS = YES;
				CLANG_WARN_STRICT_PROTOTYPES = YES;
				CLANG_WARN_SUSPICIOUS_MOVE = YES;
				CLANG_WARN_UNGUARDED_AVAILABILITY = YES_AGGRESSIVE;
				CLANG_WARN_UNREACHABLE_CODE = YES;
				CLANG_WARN__DUPLICATE_METHOD_MATCH = YES;
				COPY_PHASE_STRIP = NO;
				DEBUG_INFORMATION_FORMAT = dwarf;
				ENABLE_STRICT_OBJC_MSGSEND = YES;
				ENABLE_TESTABILITY = YES;
				GCC_C_LANGUAGE_STANDARD = gnu11;
				GCC_DYNAMIC_NO_PIC = NO;
				GCC_NO_COMMON_BLOCKS = YES;
				GCC_OPTIMIZATION_LEVEL = 0;
				GCC_PREPROCESSOR_DEFINITIONS = (
					"DEBUG=1",
					"$(inherited)",
				);
				GCC_WARN_64_TO_32_BIT_CONVERSION = YES;
				GCC_WARN_ABOUT_RETURN_TYPE = YES_ERROR;
				GCC_WARN_UNDECLARED_SELECTOR = YES;
				GCC_WARN_UNINITIALIZED_AUTOS = YES_AGGRESSIVE;
				GCC_WARN_UNUSED_FUNCTION = YES;
				GCC_WARN_UNUSED_VARIABLE = YES;
				IPHONEOS_DEPLOYMENT_TARGET = 14.3;
				MTL_ENABLE_DEBUG_INFO = INCLUDE_SOURCE;
				MTL_FAST_MATH = YES;
				ONLY_ACTIVE_ARCH = YES;
				SDKROOT = iphoneos;
				SWIFT_ACTIVE_COMPILATION_CONDITIONS = DEBUG;
				SWIFT_OPTIMIZATION_LEVEL = "-Onone";
			};
			name = Debug;
		};
		EE47BD7225D8690100FD7EC7 /* Release */ = {
			isa = XCBuildConfiguration;
			buildSettings = {
				ALWAYS_SEARCH_USER_PATHS = NO;
				CLANG_ANALYZER_NONNULL = YES;
				CLANG_ANALYZER_NUMBER_OBJECT_CONVERSION = YES_AGGRESSIVE;
				CLANG_CXX_LANGUAGE_STANDARD = "gnu++14";
				CLANG_CXX_LIBRARY = "libc++";
				CLANG_ENABLE_MODULES = YES;
				CLANG_ENABLE_OBJC_ARC = YES;
				CLANG_ENABLE_OBJC_WEAK = YES;
				CLANG_WARN_BLOCK_CAPTURE_AUTORELEASING = YES;
				CLANG_WARN_BOOL_CONVERSION = YES;
				CLANG_WARN_COMMA = YES;
				CLANG_WARN_CONSTANT_CONVERSION = YES;
				CLANG_WARN_DEPRECATED_OBJC_IMPLEMENTATIONS = YES;
				CLANG_WARN_DIRECT_OBJC_ISA_USAGE = YES_ERROR;
				CLANG_WARN_DOCUMENTATION_COMMENTS = YES;
				CLANG_WARN_EMPTY_BODY = YES;
				CLANG_WARN_ENUM_CONVERSION = YES;
				CLANG_WARN_INFINITE_RECURSION = YES;
				CLANG_WARN_INT_CONVERSION = YES;
				CLANG_WARN_NON_LITERAL_NULL_CONVERSION = YES;
				CLANG_WARN_OBJC_IMPLICIT_RETAIN_SELF = YES;
				CLANG_WARN_OBJC_LITERAL_CONVERSION = YES;
				CLANG_WARN_OBJC_ROOT_CLASS = YES_ERROR;
				CLANG_WARN_QUOTED_INCLUDE_IN_FRAMEWORK_HEADER = YES;
				CLANG_WARN_RANGE_LOOP_ANALYSIS = YES;
				CLANG_WARN_STRICT_PROTOTYPES = YES;
				CLANG_WARN_SUSPICIOUS_MOVE = YES;
				CLANG_WARN_UNGUARDED_AVAILABILITY = YES_AGGRESSIVE;
				CLANG_WARN_UNREACHABLE_CODE = YES;
				CLANG_WARN__DUPLICATE_METHOD_MATCH = YES;
				COPY_PHASE_STRIP = NO;
				DEBUG_INFORMATION_FORMAT = "dwarf-with-dsym";
				ENABLE_NS_ASSERTIONS = NO;
				ENABLE_STRICT_OBJC_MSGSEND = YES;
				GCC_C_LANGUAGE_STANDARD = gnu11;
				GCC_NO_COMMON_BLOCKS = YES;
				GCC_WARN_64_TO_32_BIT_CONVERSION = YES;
				GCC_WARN_ABOUT_RETURN_TYPE = YES_ERROR;
				GCC_WARN_UNDECLARED_SELECTOR = YES;
				GCC_WARN_UNINITIALIZED_AUTOS = YES_AGGRESSIVE;
				GCC_WARN_UNUSED_FUNCTION = YES;
				GCC_WARN_UNUSED_VARIABLE = YES;
				IPHONEOS_DEPLOYMENT_TARGET = 14.3;
				MTL_ENABLE_DEBUG_INFO = NO;
				MTL_FAST_MATH = YES;
				SDKROOT = iphoneos;
				SWIFT_COMPILATION_MODE = wholemodule;
				SWIFT_OPTIMIZATION_LEVEL = "-O";
				VALIDATE_PRODUCT = YES;
			};
			name = Release;
		};
		EE47BD7425D8690100FD7EC7 /* Debug */ = {
			isa = XCBuildConfiguration;
			buildSettings = {
				ASSETCATALOG_COMPILER_APPICON_NAME = AppIcon;
				ASSETCATALOG_COMPILER_GLOBAL_ACCENT_COLOR_NAME = AccentColor;
				CODE_SIGN_STYLE = Automatic;
				INFOPLIST_FILE = CardiFlash/Info.plist;
				LD_RUNPATH_SEARCH_PATHS = (
					"$(inherited)",
					"@executable_path/Frameworks",
				);
				PRODUCT_BUNDLE_IDENTIFIER = com.Ponette.CardiFlash;
				PRODUCT_NAME = "$(TARGET_NAME)";
				SWIFT_VERSION = 5.0;
				TARGETED_DEVICE_FAMILY = "1,2";
			};
			name = Debug;
		};
		EE47BD7525D8690100FD7EC7 /* Release */ = {
			isa = XCBuildConfiguration;
			buildSettings = {
				ASSETCATALOG_COMPILER_APPICON_NAME = AppIcon;
				ASSETCATALOG_COMPILER_GLOBAL_ACCENT_COLOR_NAME = AccentColor;
				CODE_SIGN_STYLE = Automatic;
				INFOPLIST_FILE = CardiFlash/Info.plist;
				LD_RUNPATH_SEARCH_PATHS = (
					"$(inherited)",
					"@executable_path/Frameworks",
				);
				PRODUCT_BUNDLE_IDENTIFIER = com.Ponette.CardiFlash;
				PRODUCT_NAME = "$(TARGET_NAME)";
				SWIFT_VERSION = 5.0;
				TARGETED_DEVICE_FAMILY = "1,2";
			};
			name = Release;
		};
/* End XCBuildConfiguration section */

/* Begin XCConfigurationList section */
		EE47BD5A25D868F900FD7EC7 /* Build configuration list for PBXProject "CardiFlash" */ = {
			isa = XCConfigurationList;
			buildConfigurations = (
				EE47BD7125D8690100FD7EC7 /* Debug */,
				EE47BD7225D8690100FD7EC7 /* Release */,
			);
			defaultConfigurationIsVisible = 0;
			defaultConfigurationName = Release;
		};
		EE47BD7325D8690100FD7EC7 /* Build configuration list for PBXNativeTarget "CardiFlash" */ = {
			isa = XCConfigurationList;
			buildConfigurations = (
				EE47BD7425D8690100FD7EC7 /* Debug */,
				EE47BD7525D8690100FD7EC7 /* Release */,
			);
			defaultConfigurationIsVisible = 0;
			defaultConfigurationName = Release;
		};
/* End XCConfigurationList section */
	};
	rootObject = EE47BD5725D868F900FD7EC7 /* Project object */;
}
